
Microsoft Visual Studio Solution File, Format Version 12.00
# Visual Studio 15
VisualStudioVersion = 15.0.28307.705
MinimumVisualStudioVersion = 10.0.40219.1
Project("{8BC9CEB8-8B4A-11D0-8D11-00A0C91BC942}") = "MyContainer", "MyContainer\MyContainer.vcxproj", "{2AB3D05E-E370-41B5-95F3-EEA324041750}"
EndProject
Global
	GlobalSection(SolutionConfigurationPlatforms) = preSolution
		Debug|x64 = Debug|x64
		Debug|x86 = Debug|x86
		Release|x64 = Release|x64
		Release|x86 = Release|x86
	EndGlobalSection
	GlobalSection(ProjectConfigurationPlatforms) = postSolution
		{2AB3D05E-E370-41B5-95F3-EEA324041750}.Debug|x64.ActiveCfg = Debug|x64
		{2AB3D05E-E370-41B5-95F3-EEA324041750}.Debug|x64.Build.0 = Debug|x64
		{2AB3D05E-E370-41B5-95F3-EEA324041750}.Debug|x86.ActiveCfg = Debug|Win32
		{2AB3D05E-E370-41B5-95F3-EEA324041750}.Debug|x86.Build.0 = Debug|Win32
		{2AB3D05E-E370-41B5-95F3-EEA324041750}.Release|x64.ActiveCfg = Release|x64
		{2AB3D05E-E370-41B5-95F3-EEA324041750}.Release|x64.Build.0 = Release|x64
		{2AB3D05E-E370-41B5-95F3-EEA324041750}.Release|x86.ActiveCfg = Release|Win32
		{2AB3D05E-E370-41B5-95F3-EEA324041750}.Release|x86.Build.0 = Release|Win32
	EndGlobalSection
	GlobalSection(SolutionProperties) = preSolution
		HideSolutionNode = FALSE
	EndGlobalSection
	GlobalSection(ExtensibilityGlobals) = postSolution
		SolutionGuid = {40215D80-D994-4811-91D6-4EC1417C1AB5}
	EndGlobalSection
EndGlobal
